
Microsoft Visual Studio Solution File, Format Version 12.00
# Visual Studio Version 17
VisualStudioVersion = 17.4.33110.190
MinimumVisualStudioVersion = 10.0.40219.1
Project("{2150E333-8FDC-42A3-9474-1A3956D46DE8}") = "src", "src", "{0329EE0D-DD05-4DDC-86C3-9D1DFD55A47C}"
EndProject
Project("{9A19103F-16F7-4668-BE54-9A1E7A4F7556}") = "Toolkit", "src\Toolkit\Toolkit.csproj", "{A07C21BF-F899-4141-958E-C0EAAD11809A}"
EndProject
Project("{2150E333-8FDC-42A3-9474-1A3956D46DE8}") = "Test", "Test", "{D09241AB-EFD4-4AFD-AA5F-2A17A572A48A}"
EndProject
Project("{9A19103F-16F7-4668-BE54-9A1E7A4F7556}") = "ExpressionTest", "Test\ExpressionTest\ExpressionTest.csproj", "{ABC4B178-0A33-443A-AB55-4291FF341BB9}"
EndProject
Project("{9A19103F-16F7-4668-BE54-9A1E7A4F7556}") = "WebServiceTest", "Test\WebServiceTest\WebServiceTest.csproj", "{879B7C38-D0C0-4610-A8EE-DE5F66DD3B78}"
EndProject
Project("{FAE04EC0-301F-11D3-BF4B-00C04F79EFBC}") = "MapperTest", "Test\MapperTest\MapperTest.csproj", "{EF70EF17-DEDC-4DC6-A325-7F6853A6A927}"
EndProject
Global
	GlobalSection(SolutionConfigurationPlatforms) = preSolution
		Debug|Any CPU = Debug|Any CPU
		Release|Any CPU = Release|Any CPU
	EndGlobalSection
	GlobalSection(ProjectConfigurationPlatforms) = postSolution
		{A07C21BF-F899-4141-958E-C0EAAD11809A}.Debug|Any CPU.ActiveCfg = Debug|Any CPU
		{A07C21BF-F899-4141-958E-C0EAAD11809A}.Debug|Any CPU.Build.0 = Debug|Any CPU
		{A07C21BF-F899-4141-958E-C0EAAD11809A}.Release|Any CPU.ActiveCfg = Release|Any CPU
		{A07C21BF-F899-4141-958E-C0EAAD11809A}.Release|Any CPU.Build.0 = Release|Any CPU
		{ABC4B178-0A33-443A-AB55-4291FF341BB9}.Debug|Any CPU.ActiveCfg = Debug|Any CPU
		{ABC4B178-0A33-443A-AB55-4291FF341BB9}.Debug|Any CPU.Build.0 = Debug|Any CPU
		{ABC4B178-0A33-443A-AB55-4291FF341BB9}.Release|Any CPU.ActiveCfg = Release|Any CPU
		{ABC4B178-0A33-443A-AB55-4291FF341BB9}.Release|Any CPU.Build.0 = Release|Any CPU
		{879B7C38-D0C0-4610-A8EE-DE5F66DD3B78}.Debug|Any CPU.ActiveCfg = Debug|Any CPU
		{879B7C38-D0C0-4610-A8EE-DE5F66DD3B78}.Debug|Any CPU.Build.0 = Debug|Any CPU
		{879B7C38-D0C0-4610-A8EE-DE5F66DD3B78}.Release|Any CPU.ActiveCfg = Release|Any CPU
		{879B7C38-D0C0-4610-A8EE-DE5F66DD3B78}.Release|Any CPU.Build.0 = Release|Any CPU
		{EF70EF17-DEDC-4DC6-A325-7F6853A6A927}.Debug|Any CPU.ActiveCfg = Debug|Any CPU
		{EF70EF17-DEDC-4DC6-A325-7F6853A6A927}.Debug|Any CPU.Build.0 = Debug|Any CPU
		{EF70EF17-DEDC-4DC6-A325-7F6853A6A927}.Release|Any CPU.ActiveCfg = Release|Any CPU
		{EF70EF17-DEDC-4DC6-A325-7F6853A6A927}.Release|Any CPU.Build.0 = Release|Any CPU
	EndGlobalSection
	GlobalSection(SolutionProperties) = preSolution
		HideSolutionNode = FALSE
	EndGlobalSection
	GlobalSection(NestedProjects) = preSolution
		{A07C21BF-F899-4141-958E-C0EAAD11809A} = {0329EE0D-DD05-4DDC-86C3-9D1DFD55A47C}
		{ABC4B178-0A33-443A-AB55-4291FF341BB9} = {D09241AB-EFD4-4AFD-AA5F-2A17A572A48A}
		{879B7C38-D0C0-4610-A8EE-DE5F66DD3B78} = {D09241AB-EFD4-4AFD-AA5F-2A17A572A48A}
		{EF70EF17-DEDC-4DC6-A325-7F6853A6A927} = {D09241AB-EFD4-4AFD-AA5F-2A17A572A48A}
	EndGlobalSection
	GlobalSection(ExtensibilityGlobals) = postSolution
		SolutionGuid = {5984D2B4-012B-4189-82AA-1BDD29DF8E52}
	EndGlobalSection
EndGlobal
